
Microsoft Visual Studio Solution File, Format Version 12.00
# Visual Studio Version 17
VisualStudioVersion = 17.3.32922.545
MinimumVisualStudioVersion = 10.0.40219.1
Project("{9A19103F-16F7-4668-BE54-9A1E7A4F7556}") = "Application", "Application\Application.csproj", "{8258F55E-A618-4C64-BE29-D29585D5CE1C}"
EndProject
Project("{9A19103F-16F7-4668-BE54-9A1E7A4F7556}") = "Domain", "Domain\Domain.csproj", "{AB049E30-650E-4164-8AEA-EBEBA58E24C2}"
EndProject
Project("{9A19103F-16F7-4668-BE54-9A1E7A4F7556}") = "WebAPI", "WebAPI\WebAPI.csproj", "{66BB306F-9800-4063-8C9C-88ABBE0AA855}"
EndProject
Project("{9A19103F-16F7-4668-BE54-9A1E7A4F7556}") = "BlazorWASM", "BlazorWASM\BlazorWASM.csproj", "{9D1DFFDC-4FE1-4542-9FEA-3B6F4F9FB562}"
EndProject
Project("{9A19103F-16F7-4668-BE54-9A1E7A4F7556}") = "HttpClients", "HttpClient\HttpClients.csproj", "{92E82BCD-5E00-43F9-BF31-8DA3D97D6101}"
EndProject
Project("{9A19103F-16F7-4668-BE54-9A1E7A4F7556}") = "EfcDataAccess", "EfcDataAccess\EfcDataAccess.csproj", "{4C803788-7A45-4E40-B1AF-4E7EB54A2850}"
EndProject
Global
	GlobalSection(SolutionConfigurationPlatforms) = preSolution
		Debug|Any CPU = Debug|Any CPU
		Release|Any CPU = Release|Any CPU
	EndGlobalSection
	GlobalSection(ProjectConfigurationPlatforms) = postSolution
		{8258F55E-A618-4C64-BE29-D29585D5CE1C}.Debug|Any CPU.ActiveCfg = Debug|Any CPU
		{8258F55E-A618-4C64-BE29-D29585D5CE1C}.Debug|Any CPU.Build.0 = Debug|Any CPU
		{8258F55E-A618-4C64-BE29-D29585D5CE1C}.Release|Any CPU.ActiveCfg = Release|Any CPU
		{8258F55E-A618-4C64-BE29-D29585D5CE1C}.Release|Any CPU.Build.0 = Release|Any CPU
		{AB049E30-650E-4164-8AEA-EBEBA58E24C2}.Debug|Any CPU.ActiveCfg = Debug|Any CPU
		{AB049E30-650E-4164-8AEA-EBEBA58E24C2}.Debug|Any CPU.Build.0 = Debug|Any CPU
		{AB049E30-650E-4164-8AEA-EBEBA58E24C2}.Release|Any CPU.ActiveCfg = Release|Any CPU
		{AB049E30-650E-4164-8AEA-EBEBA58E24C2}.Release|Any CPU.Build.0 = Release|Any CPU
		{66BB306F-9800-4063-8C9C-88ABBE0AA855}.Debug|Any CPU.ActiveCfg = Debug|Any CPU
		{66BB306F-9800-4063-8C9C-88ABBE0AA855}.Debug|Any CPU.Build.0 = Debug|Any CPU
		{66BB306F-9800-4063-8C9C-88ABBE0AA855}.Release|Any CPU.ActiveCfg = Release|Any CPU
		{66BB306F-9800-4063-8C9C-88ABBE0AA855}.Release|Any CPU.Build.0 = Release|Any CPU
		{9D1DFFDC-4FE1-4542-9FEA-3B6F4F9FB562}.Debug|Any CPU.ActiveCfg = Debug|Any CPU
		{9D1DFFDC-4FE1-4542-9FEA-3B6F4F9FB562}.Debug|Any CPU.Build.0 = Debug|Any CPU
		{9D1DFFDC-4FE1-4542-9FEA-3B6F4F9FB562}.Release|Any CPU.ActiveCfg = Release|Any CPU
		{9D1DFFDC-4FE1-4542-9FEA-3B6F4F9FB562}.Release|Any CPU.Build.0 = Release|Any CPU
		{92E82BCD-5E00-43F9-BF31-8DA3D97D6101}.Debug|Any CPU.ActiveCfg = Debug|Any CPU
		{92E82BCD-5E00-43F9-BF31-8DA3D97D6101}.Debug|Any CPU.Build.0 = Debug|Any CPU
		{92E82BCD-5E00-43F9-BF31-8DA3D97D6101}.Release|Any CPU.ActiveCfg = Release|Any CPU
		{92E82BCD-5E00-43F9-BF31-8DA3D97D6101}.Release|Any CPU.Build.0 = Release|Any CPU
		{4C803788-7A45-4E40-B1AF-4E7EB54A2850}.Debug|Any CPU.ActiveCfg = Debug|Any CPU
		{4C803788-7A45-4E40-B1AF-4E7EB54A2850}.Debug|Any CPU.Build.0 = Debug|Any CPU
		{4C803788-7A45-4E40-B1AF-4E7EB54A2850}.Release|Any CPU.ActiveCfg = Release|Any CPU
		{4C803788-7A45-4E40-B1AF-4E7EB54A2850}.Release|Any CPU.Build.0 = Release|Any CPU
	EndGlobalSection
	GlobalSection(SolutionProperties) = preSolution
		HideSolutionNode = FALSE
	EndGlobalSection
	GlobalSection(ExtensibilityGlobals) = postSolution
		SolutionGuid = {D89C93C7-3EFB-4DD4-916D-EB2822EE90E8}
	EndGlobalSection
EndGlobal
